
Microsoft Visual Studio Solution File, Format Version 12.00
# Visual Studio Version 17
VisualStudioVersion = 17.5.002.0
MinimumVisualStudioVersion = 10.0.40219.1
Project("{9A19103F-16F7-4668-BE54-9A1E7A4F7556}") = "FirstWebMVC", "FirstWebMVC.csproj", "{D669A114-F95C-4633-95A0-39384AB40BE4}"
EndProject
Global
	GlobalSection(SolutionConfigurationPlatforms) = preSolution
		Debug|Any CPU = Debug|Any CPU
		Release|Any CPU = Release|Any CPU
	EndGlobalSection
	GlobalSection(ProjectConfigurationPlatforms) = postSolution
		{D669A114-F95C-4633-95A0-39384AB40BE4}.Debug|Any CPU.ActiveCfg = Debug|Any CPU
		{D669A114-F95C-4633-95A0-39384AB40BE4}.Debug|Any CPU.Build.0 = Debug|Any CPU
		{D669A114-F95C-4633-95A0-39384AB40BE4}.Release|Any CPU.ActiveCfg = Release|Any CPU
		{D669A114-F95C-4633-95A0-39384AB40BE4}.Release|Any CPU.Build.0 = Release|Any CPU
	EndGlobalSection
	GlobalSection(SolutionProperties) = preSolution
		HideSolutionNode = FALSE
	EndGlobalSection
	GlobalSection(ExtensibilityGlobals) = postSolution
		SolutionGuid = {1E4BF543-AE7C-4258-931E-A70433AE468B}
	EndGlobalSection
EndGlobal
